
Microsoft Visual Studio Solution File, Format Version 12.00
# Visual Studio 14
VisualStudioVersion = 14.0.25420.1
MinimumVisualStudioVersion = 10.0.40219.1
Project("{FAE04EC0-301F-11D3-BF4B-00C04F79EFBC}") = "HPSocketCS", "HPSocketCS\HPSocketCS.csproj", "{51518110-85F4-4095-8638-F63EA328250B}"
EndProject
Project("{FAE04EC0-301F-11D3-BF4B-00C04F79EFBC}") = "Models", "Models\Models.csproj", "{DEEF5987-7C7B-4F1F-A590-0B0584D34AB6}"
EndProject
Project("{2150E333-8FDC-42A3-9474-1A3956D46DE8}") = "TCP", "TCP", "{533F16F9-12D6-4086-9F10-7BD1AB057411}"
EndProject
Project("{2150E333-8FDC-42A3-9474-1A3956D46DE8}") = "TCPPull", "TCPPull", "{85AAE03F-02A3-4B39-AEC4-BB5290426AE7}"
EndProject
Project("{FAE04EC0-301F-11D3-BF4B-00C04F79EFBC}") = "TCPClientApp", "TCP\TCPClientApp\TCPClientApp.csproj", "{1E3373D2-5786-48D0-B552-70D94866FB53}"
EndProject
Project("{FAE04EC0-301F-11D3-BF4B-00C04F79EFBC}") = "TCPServerApp", "TCP\TCPServerApp\TCPServerApp.csproj", "{32F9B12E-E8C4-4C13-B41C-D9E361EF8A0E}"
EndProject
Project("{FAE04EC0-301F-11D3-BF4B-00C04F79EFBC}") = "TCPPullServerApp", "TCPPull\TCPPullServerApp\TCPPullServerApp.csproj", "{F128B986-E742-484E-A972-DCEB672B7C67}"
EndProject
Project("{FAE04EC0-301F-11D3-BF4B-00C04F79EFBC}") = "TCPPullClientApp", "TCPPull\TCPPullClientApp\TCPPullClientApp.csproj", "{8C53B186-3D4F-4F66-B09E-7EED72408B77}"
EndProject
Project("{2150E333-8FDC-42A3-9474-1A3956D46DE8}") = "PACK", "PACK", "{71B4E797-7B25-43D6-A0D2-7768B14A040B}"
EndProject
Project("{FAE04EC0-301F-11D3-BF4B-00C04F79EFBC}") = "TCPPackClientApp", "TCPPackClientApp\TCPPackClientApp.csproj", "{3C9EB47D-E653-4B5D-BE49-017562511647}"
EndProject
Project("{FAE04EC0-301F-11D3-BF4B-00C04F79EFBC}") = "TCPPackServerApp", "TCPPack\TCPPackServerApp\TCPPackServerApp.csproj", "{70FA2A1B-FC7B-4B70-9E1D-62E163C014BB}"
EndProject
Global
	GlobalSection(SolutionConfigurationPlatforms) = preSolution
		Debug|Any CPU = Debug|Any CPU
		Release|Any CPU = Release|Any CPU
	EndGlobalSection
	GlobalSection(ProjectConfigurationPlatforms) = postSolution
		{51518110-85F4-4095-8638-F63EA328250B}.Debug|Any CPU.ActiveCfg = Debug|Any CPU
		{51518110-85F4-4095-8638-F63EA328250B}.Debug|Any CPU.Build.0 = Debug|Any CPU
		{51518110-85F4-4095-8638-F63EA328250B}.Release|Any CPU.ActiveCfg = Release|Any CPU
		{51518110-85F4-4095-8638-F63EA328250B}.Release|Any CPU.Build.0 = Release|Any CPU
		{DEEF5987-7C7B-4F1F-A590-0B0584D34AB6}.Debug|Any CPU.ActiveCfg = Debug|Any CPU
		{DEEF5987-7C7B-4F1F-A590-0B0584D34AB6}.Debug|Any CPU.Build.0 = Debug|Any CPU
		{DEEF5987-7C7B-4F1F-A590-0B0584D34AB6}.Release|Any CPU.ActiveCfg = Release|Any CPU
		{DEEF5987-7C7B-4F1F-A590-0B0584D34AB6}.Release|Any CPU.Build.0 = Release|Any CPU
		{1E3373D2-5786-48D0-B552-70D94866FB53}.Debug|Any CPU.ActiveCfg = Debug|Any CPU
		{1E3373D2-5786-48D0-B552-70D94866FB53}.Debug|Any CPU.Build.0 = Debug|Any CPU
		{1E3373D2-5786-48D0-B552-70D94866FB53}.Release|Any CPU.ActiveCfg = Release|Any CPU
		{1E3373D2-5786-48D0-B552-70D94866FB53}.Release|Any CPU.Build.0 = Release|Any CPU
		{32F9B12E-E8C4-4C13-B41C-D9E361EF8A0E}.Debug|Any CPU.ActiveCfg = Debug|Any CPU
		{32F9B12E-E8C4-4C13-B41C-D9E361EF8A0E}.Debug|Any CPU.Build.0 = Debug|Any CPU
		{32F9B12E-E8C4-4C13-B41C-D9E361EF8A0E}.Release|Any CPU.ActiveCfg = Release|Any CPU
		{32F9B12E-E8C4-4C13-B41C-D9E361EF8A0E}.Release|Any CPU.Build.0 = Release|Any CPU
		{F128B986-E742-484E-A972-DCEB672B7C67}.Debug|Any CPU.ActiveCfg = Debug|Any CPU
		{F128B986-E742-484E-A972-DCEB672B7C67}.Debug|Any CPU.Build.0 = Debug|Any CPU
		{F128B986-E742-484E-A972-DCEB672B7C67}.Release|Any CPU.ActiveCfg = Release|Any CPU
		{F128B986-E742-484E-A972-DCEB672B7C67}.Release|Any CPU.Build.0 = Release|Any CPU
		{8C53B186-3D4F-4F66-B09E-7EED72408B77}.Debug|Any CPU.ActiveCfg = Debug|Any CPU
		{8C53B186-3D4F-4F66-B09E-7EED72408B77}.Debug|Any CPU.Build.0 = Debug|Any CPU
		{8C53B186-3D4F-4F66-B09E-7EED72408B77}.Release|Any CPU.ActiveCfg = Release|Any CPU
		{8C53B186-3D4F-4F66-B09E-7EED72408B77}.Release|Any CPU.Build.0 = Release|Any CPU
		{3C9EB47D-E653-4B5D-BE49-017562511647}.Debug|Any CPU.ActiveCfg = Debug|Any CPU
		{3C9EB47D-E653-4B5D-BE49-017562511647}.Debug|Any CPU.Build.0 = Debug|Any CPU
		{3C9EB47D-E653-4B5D-BE49-017562511647}.Release|Any CPU.ActiveCfg = Release|Any CPU
		{3C9EB47D-E653-4B5D-BE49-017562511647}.Release|Any CPU.Build.0 = Release|Any CPU
		{70FA2A1B-FC7B-4B70-9E1D-62E163C014BB}.Debug|Any CPU.ActiveCfg = Debug|Any CPU
		{70FA2A1B-FC7B-4B70-9E1D-62E163C014BB}.Debug|Any CPU.Build.0 = Debug|Any CPU
		{70FA2A1B-FC7B-4B70-9E1D-62E163C014BB}.Release|Any CPU.ActiveCfg = Release|Any CPU
		{70FA2A1B-FC7B-4B70-9E1D-62E163C014BB}.Release|Any CPU.Build.0 = Release|Any CPU
	EndGlobalSection
	GlobalSection(SolutionProperties) = preSolution
		HideSolutionNode = FALSE
	EndGlobalSection
	GlobalSection(NestedProjects) = preSolution
		{1E3373D2-5786-48D0-B552-70D94866FB53} = {533F16F9-12D6-4086-9F10-7BD1AB057411}
		{32F9B12E-E8C4-4C13-B41C-D9E361EF8A0E} = {533F16F9-12D6-4086-9F10-7BD1AB057411}
		{F128B986-E742-484E-A972-DCEB672B7C67} = {85AAE03F-02A3-4B39-AEC4-BB5290426AE7}
		{8C53B186-3D4F-4F66-B09E-7EED72408B77} = {85AAE03F-02A3-4B39-AEC4-BB5290426AE7}
		{3C9EB47D-E653-4B5D-BE49-017562511647} = {71B4E797-7B25-43D6-A0D2-7768B14A040B}
		{70FA2A1B-FC7B-4B70-9E1D-62E163C014BB} = {71B4E797-7B25-43D6-A0D2-7768B14A040B}
	EndGlobalSection
EndGlobal
